
Microsoft Visual Studio Solution File, Format Version 12.00
# Visual Studio 15
VisualStudioVersion = 15.0.28307.645
MinimumVisualStudioVersion = 10.0.40219.1
Project("{9A19103F-16F7-4668-BE54-9A1E7A4F7556}") = "Datos", "Datos\Datos.csproj", "{2FE4169B-08E7-4947-8271-8B7ED1453035}"
EndProject
Project("{9A19103F-16F7-4668-BE54-9A1E7A4F7556}") = "Logica", "Logica\Logica.csproj", "{50114D55-DE86-4DA9-A7BF-CC76B7811478}"
EndProject
Project("{9A19103F-16F7-4668-BE54-9A1E7A4F7556}") = "Entidades", "Entidades\Entidades.csproj", "{7FAD8146-C8DF-4935-A398-4B4556461A87}"
EndProject
Project("{2150E333-8FDC-42A3-9474-1A3956D46DE8}") = "Modelo", "Modelo", "{52412A4E-215B-458C-B30F-91A00267BF0F}"
EndProject
Project("{9A19103F-16F7-4668-BE54-9A1E7A4F7556}") = "Controlador", "Controlador\Controlador.csproj", "{9DC0248B-3E0B-4349-8627-3764B51BF648}"
EndProject
Global
	GlobalSection(SolutionConfigurationPlatforms) = preSolution
		Debug|Any CPU = Debug|Any CPU
		Release|Any CPU = Release|Any CPU
	EndGlobalSection
	GlobalSection(ProjectConfigurationPlatforms) = postSolution
		{2FE4169B-08E7-4947-8271-8B7ED1453035}.Debug|Any CPU.ActiveCfg = Debug|Any CPU
		{2FE4169B-08E7-4947-8271-8B7ED1453035}.Debug|Any CPU.Build.0 = Debug|Any CPU
		{2FE4169B-08E7-4947-8271-8B7ED1453035}.Release|Any CPU.ActiveCfg = Release|Any CPU
		{2FE4169B-08E7-4947-8271-8B7ED1453035}.Release|Any CPU.Build.0 = Release|Any CPU
		{50114D55-DE86-4DA9-A7BF-CC76B7811478}.Debug|Any CPU.ActiveCfg = Debug|Any CPU
		{50114D55-DE86-4DA9-A7BF-CC76B7811478}.Debug|Any CPU.Build.0 = Debug|Any CPU
		{50114D55-DE86-4DA9-A7BF-CC76B7811478}.Release|Any CPU.ActiveCfg = Release|Any CPU
		{50114D55-DE86-4DA9-A7BF-CC76B7811478}.Release|Any CPU.Build.0 = Release|Any CPU
		{7FAD8146-C8DF-4935-A398-4B4556461A87}.Debug|Any CPU.ActiveCfg = Debug|Any CPU
		{7FAD8146-C8DF-4935-A398-4B4556461A87}.Debug|Any CPU.Build.0 = Debug|Any CPU
		{7FAD8146-C8DF-4935-A398-4B4556461A87}.Release|Any CPU.ActiveCfg = Release|Any CPU
		{7FAD8146-C8DF-4935-A398-4B4556461A87}.Release|Any CPU.Build.0 = Release|Any CPU
		{9DC0248B-3E0B-4349-8627-3764B51BF648}.Debug|Any CPU.ActiveCfg = Debug|Any CPU
		{9DC0248B-3E0B-4349-8627-3764B51BF648}.Debug|Any CPU.Build.0 = Debug|Any CPU
		{9DC0248B-3E0B-4349-8627-3764B51BF648}.Release|Any CPU.ActiveCfg = Release|Any CPU
		{9DC0248B-3E0B-4349-8627-3764B51BF648}.Release|Any CPU.Build.0 = Release|Any CPU
	EndGlobalSection
	GlobalSection(SolutionProperties) = preSolution
		HideSolutionNode = FALSE
	EndGlobalSection
	GlobalSection(NestedProjects) = preSolution
		{2FE4169B-08E7-4947-8271-8B7ED1453035} = {52412A4E-215B-458C-B30F-91A00267BF0F}
		{50114D55-DE86-4DA9-A7BF-CC76B7811478} = {52412A4E-215B-458C-B30F-91A00267BF0F}
		{7FAD8146-C8DF-4935-A398-4B4556461A87} = {52412A4E-215B-458C-B30F-91A00267BF0F}
	EndGlobalSection
	GlobalSection(ExtensibilityGlobals) = postSolution
		SolutionGuid = {4607BD60-8DD9-408F-959F-212A675837C3}
	EndGlobalSection
EndGlobal
